# This file is automatically @generated by Cargo.
# It is not intended for manual editing.
version = 4

[[package]]
name = "ordered_vec"
version = "0.2.0"
source = "registry+https://github.com/rust-lang/crates.io-index"
checksum = "7bba0092880ee5d724e7ca7de06e0e9945518bab1b803744a14fb976f3594a1b"

[[package]]
name = "rust"
version = "0.1.0"
dependencies = [
 "ordered_vec",
]
